
Microsoft Visual Studio Solution File, Format Version 12.00
# Visual Studio Version 17
VisualStudioVersion = 17.9.34622.214
MinimumVisualStudioVersion = 10.0.40219.1
Project("{FAE04EC0-301F-11D3-BF4B-00C04F79EFBC}") = "ritprog", "ritprog\ritprog.csproj", "{88C68DA6-B2A9-4774-AFE8-66B04215BEFD}"
EndProject
Global
	GlobalSection(SolutionConfigurationPlatforms) = preSolution
		Debug|Any CPU = Debug|Any CPU
		Release|Any CPU = Release|Any CPU
	EndGlobalSection
	GlobalSection(ProjectConfigurationPlatforms) = postSolution
		{88C68DA6-B2A9-4774-AFE8-66B04215BEFD}.Debug|Any CPU.ActiveCfg = Debug|Any CPU
		{88C68DA6-B2A9-4774-AFE8-66B04215BEFD}.Debug|Any CPU.Build.0 = Debug|Any CPU
		{88C68DA6-B2A9-4774-AFE8-66B04215BEFD}.Release|Any CPU.ActiveCfg = Release|Any CPU
		{88C68DA6-B2A9-4774-AFE8-66B04215BEFD}.Release|Any CPU.Build.0 = Release|Any CPU
	EndGlobalSection
	GlobalSection(SolutionProperties) = preSolution
		HideSolutionNode = FALSE
	EndGlobalSection
	GlobalSection(ExtensibilityGlobals) = postSolution
		SolutionGuid = {42D59878-1593-4001-B1E3-83FA1E89BD74}
	EndGlobalSection
EndGlobal
